Microsoft Visual Studio Solution File, Format Version 12.00
# Visual Studio Version 17
VisualStudioVersion = 17.8.34525.116
MinimumVisualStudioVersion = 10.0.40219.1
Project("{9A19103F-16F7-4668-BE54-9A1E7A4F7556}") = "Tunlify.Common", "Tunlify.Common\Tunlify.Common.csproj", "{C87793A7-2A10-4773-99A4-AC80879C9E7F}"
EndProject
Project("{9A19103F-16F7-4668-BE54-9A1E7A4F7556}") = "Tunlify.CLI", "Tunlify.CLI\Tunlify.CLI.csproj", "{7E130235-661F-47E9-B6F4-C83C452C1C68}"
EndProject
Project("{9A19103F-16F7-4668-BE54-9A1E7A4F7556}") = "PortForward", "PortForward\PortForward.csproj", "{91289DA2-37E5-4114-B900-273B2093E4AE}"
EndProject
Project("{9A19103F-16F7-4668-BE54-9A1E7A4F7556}") = "LocalTunnel", "LocalTunnel\LocalTunnel.csproj", "{176D4F4A-2975-4D5E-90BC-0F2D3239B4A9}"
EndProject
Project("{9A19103F-16F7-4668-BE54-9A1E7A4F7556}") = "TcpGatewayRunner", "TcpGatewayRunner\TcpGatewayRunner.csproj", "{1CE9369E-1C86-499D-A921-FF81C5F9E07E}"
EndProject
Project("{9A19103F-16F7-4668-BE54-9A1E7A4F7556}") = "AlphaTunnel", "AlphaTunnel\AlphaTunnel.csproj", "{ED5F22D2-FF90-435A-94F7-48849551D9CB}"
EndProject
Project("{9A19103F-16F7-4668-BE54-9A1E7A4F7556}") = "AlphaTunnelClient", "AlphaTunnelClient\AlphaTunnelClient.csproj", "{147C96BC-3D10-4FE7-8507-47F400DD25C5}"
EndProject
Project("{2150E333-8FDC-42A3-9474-1A3956D46DE8}") = "Solution Items", "Solution Items", "{7FBC1759-85AE-440D-B675-DDBFEBF05AC4}"
	ProjectSection(SolutionItems) = preProject
		how_to.txt = how_to.txt
		..\..\Personal\ssl_tunnel.go = ..\..\Personal\ssl_tunnel.go
		ssl_tunnel_client.go = ssl_tunnel_client.go
		ssl_tunnel_http.go = ssl_tunnel_http.go
		ssl_tunnel_http_v2.go = ssl_tunnel_http_v2.go
	EndProjectSection
EndProject
Global
	GlobalSection(SolutionConfigurationPlatforms) = preSolution
		Debug|Any CPU = Debug|Any CPU
		Release|Any CPU = Release|Any CPU
	EndGlobalSection
	GlobalSection(ProjectConfigurationPlatforms) = postSolution
		{C87793A7-2A10-4773-99A4-AC80879C9E7F}.Debug|Any CPU.ActiveCfg = Debug|Any CPU
		{C87793A7-2A10-4773-99A4-AC80879C9E7F}.Debug|Any CPU.Build.0 = Debug|Any CPU
		{C87793A7-2A10-4773-99A4-AC80879C9E7F}.Release|Any CPU.ActiveCfg = Release|Any CPU
		{C87793A7-2A10-4773-99A4-AC80879C9E7F}.Release|Any CPU.Build.0 = Release|Any CPU
		{7E130235-661F-47E9-B6F4-C83C452C1C68}.Debug|Any CPU.ActiveCfg = Debug|Any CPU
		{7E130235-661F-47E9-B6F4-C83C452C1C68}.Debug|Any CPU.Build.0 = Debug|Any CPU
		{7E130235-661F-47E9-B6F4-C83C452C1C68}.Release|Any CPU.ActiveCfg = Release|Any CPU
		{7E130235-661F-47E9-B6F4-C83C452C1C68}.Release|Any CPU.Build.0 = Release|Any CPU
		{91289DA2-37E5-4114-B900-273B2093E4AE}.Debug|Any CPU.ActiveCfg = Debug|Any CPU
		{91289DA2-37E5-4114-B900-273B2093E4AE}.Debug|Any CPU.Build.0 = Debug|Any CPU
		{91289DA2-37E5-4114-B900-273B2093E4AE}.Release|Any CPU.ActiveCfg = Release|Any CPU
		{91289DA2-37E5-4114-B900-273B2093E4AE}.Release|Any CPU.Build.0 = Release|Any CPU
		{176D4F4A-2975-4D5E-90BC-0F2D3239B4A9}.Debug|Any CPU.ActiveCfg = Debug|Any CPU
		{176D4F4A-2975-4D5E-90BC-0F2D3239B4A9}.Debug|Any CPU.Build.0 = Debug|Any CPU
		{176D4F4A-2975-4D5E-90BC-0F2D3239B4A9}.Release|Any CPU.ActiveCfg = Release|Any CPU
		{176D4F4A-2975-4D5E-90BC-0F2D3239B4A9}.Release|Any CPU.Build.0 = Release|Any CPU
		{1CE9369E-1C86-499D-A921-FF81C5F9E07E}.Debug|Any CPU.ActiveCfg = Debug|Any CPU
		{1CE9369E-1C86-499D-A921-FF81C5F9E07E}.Debug|Any CPU.Build.0 = Debug|Any CPU
		{1CE9369E-1C86-499D-A921-FF81C5F9E07E}.Release|Any CPU.ActiveCfg = Release|Any CPU
		{1CE9369E-1C86-499D-A921-FF81C5F9E07E}.Release|Any CPU.Build.0 = Release|Any CPU
		{ED5F22D2-FF90-435A-94F7-48849551D9CB}.Debug|Any CPU.ActiveCfg = Debug|Any CPU
		{ED5F22D2-FF90-435A-94F7-48849551D9CB}.Debug|Any CPU.Build.0 = Debug|Any CPU
		{ED5F22D2-FF90-435A-94F7-48849551D9CB}.Release|Any CPU.ActiveCfg = Release|Any CPU
		{ED5F22D2-FF90-435A-94F7-48849551D9CB}.Release|Any CPU.Build.0 = Release|Any CPU
		{147C96BC-3D10-4FE7-8507-47F400DD25C5}.Debug|Any CPU.ActiveCfg = Debug|Any CPU
		{147C96BC-3D10-4FE7-8507-47F400DD25C5}.Debug|Any CPU.Build.0 = Debug|Any CPU
		{147C96BC-3D10-4FE7-8507-47F400DD25C5}.Release|Any CPU.ActiveCfg = Release|Any CPU
		{147C96BC-3D10-4FE7-8507-47F400DD25C5}.Release|Any CPU.Build.0 = Release|Any CPU
	EndGlobalSection
	GlobalSection(SolutionProperties) = preSolution
		HideSolutionNode = FALSE
	EndGlobalSection
	GlobalSection(ExtensibilityGlobals) = postSolution
		SolutionGuid = {AC19A97A-CDEB-4348-99E5-A10967E382E7}
	EndGlobalSection
EndGlobal
